<?xml version="1.0" encoding="utf-8"?>
<Project ToolsVersion="4.0" xmlns="http://schemas.microsoft.com/developer/msbuild/2003">
  <ItemGroup>
    <Filter Include="Form Files">
      <UniqueIdentifier>{99349809-55BA-4b9d-BF79-8FDBB0286EB3}</UniqueIdentifier>
      <Extensions>ui</Extensions>
      <ParseFiles>false</ParseFiles>
    </Filter>
    <Filter Include="Form Files">
      <UniqueIdentifier>{99349809-55BA-4b9d-BF79-8FDBB0286EB3}</UniqueIdentifier>
      <Extensions>ui</Extensions>
      <ParseFiles>false</ParseFiles>
    </Filter>
    <Filter Include="Generated Files">
      <UniqueIdentifier>{71ED8ED8-ACB9-4CE9-BBE1-E00B30144E11}</UniqueIdentifier>
      <Extensions>cpp;c;cxx;moc;h;def;odl;idl;res;</Extensions>
    </Filter>
    <Filter Include="Generated Files">
      <UniqueIdentifier>{71ED8ED8-ACB9-4CE9-BBE1-E00B30144E11}</UniqueIdentifier>
      <Extensions>cpp;c;cxx;moc;h;def;odl;idl;res;</Extensions>
    </Filter>
    <Filter Include="Header Files">
      <UniqueIdentifier>{93995380-89BD-4b04-88EB-625FBE52EBFB}</UniqueIdentifier>
      <Extensions>h;hpp;hxx;hm;inl;inc;xsd</Extensions>
    </Filter>
    <Filter Include="Header Files">
      <UniqueIdentifier>{93995380-89BD-4b04-88EB-625FBE52EBFB}</UniqueIdentifier>
      <Extensions>h;hpp;hxx;hm;inl;inc;xsd</Extensions>
    </Filter>
    <Filter Include="Source Files">
      <UniqueIdentifier>{4FC737F1-C7A5-4376-A066-2A32D752A2FF}</UniqueIdentifier>
      <Extensions>cpp;c;cxx;def;odl;idl;hpj;bat;asm;asmx</Extensions>
    </Filter>
    <Filter Include="Source Files">
      <UniqueIdentifier>{4FC737F1-C7A5-4376-A066-2A32D752A2FF}</UniqueIdentifier>
      <Extensions>cpp;c;cxx;def;odl;idl;hpj;bat;asm;asmx</Extensions>
    </Filter>
    <Filter Include="Generated Files\Debug">
      <UniqueIdentifier>{c2e23e29-6259-4cda-bb47-9004df3f95bc}</UniqueIdentifier>
      <Extensions>cpp;moc</Extensions>
      <SourceControlFiles>False</SourceControlFiles>
    </Filter>
    <Filter Include="Generated Files\Release">
      <UniqueIdentifier>{2f584fc8-7774-4378-9110-feb41dfea909}</UniqueIdentifier>
      <Extensions>cpp;moc</Extensions>
      <SourceControlFiles>False</SourceControlFiles>
    </Filter>
  </ItemGroup>
  <ItemGroup>
    <ClCompile Include="Banking.cpp">
      <Filter>Source Files</Filter>
    </ClCompile>
    <ClCompile Include="alglib3.9.0\src\alglibinternal.cpp">
      <Filter>Source Files</Filter>
    </ClCompile>
    <ClCompile Include="alglib3.9.0\src\alglibmisc.cpp">
      <Filter>Source Files</Filter>
    </ClCompile>
    <ClCompile Include="alglib3.9.0\src\ap.cpp">
      <Filter>Source Files</Filter>
    </ClCompile>
    <ClCompile Include="area.cpp">
      <Filter>Source Files</Filter>
    </ClCompile>
    <ClCompile Include="circle.cpp">
      <Filter>Source Files</Filter>
    </ClCompile>
    <ClCompile Include="circlearea.cpp">
      <Filter>Source Files</Filter>
    </ClCompile>
    <ClCompile Include="computemin.cpp">
      <Filter>Source Files</Filter>
    </ClCompile>
    <ClCompile Include="dataProvide.cpp">
      <Filter>Source Files</Filter>
    </ClCompile>
    <ClCompile Include="alglib3.9.0\src\dataanalysis.cpp">
      <Filter>Source Files</Filter>
    </ClCompile>
    <ClCompile Include="alglib3.9.0\src\diffequations.cpp">
      <Filter>Source Files</Filter>
    </ClCompile>
    <ClCompile Include="alglib3.9.0\src\fasttransforms.cpp">
      <Filter>Source Files</Filter>
    </ClCompile>
    <ClCompile Include="form.cpp">
      <Filter>Source Files</Filter>
    </ClCompile>
    <ClCompile Include="alglib3.9.0\src\integration.cpp">
      <Filter>Source Files</Filter>
    </ClCompile>
    <ClCompile Include="alglib3.9.0\src\interpolation.cpp">
      <Filter>Source Files</Filter>
    </ClCompile>
    <ClCompile Include="alglib3.9.0\src\linalg.cpp">
      <Filter>Source Files</Filter>
    </ClCompile>
    <ClCompile Include="line.cpp">
      <Filter>Source Files</Filter>
    </ClCompile>
    <ClCompile Include="linearea.cpp">
      <Filter>Source Files</Filter>
    </ClCompile>
    <ClCompile Include="main.cpp">
      <Filter>Source Files</Filter>
    </ClCompile>
    <ClCompile Include="mainwindow.cpp">
      <Filter>Source Files</Filter>
    </ClCompile>
    <ClCompile Include="alglib3.9.0\src\optimization.cpp">
      <Filter>Source Files</Filter>
    </ClCompile>
    <ClCompile Include="qcustomplot.cpp">
      <Filter>Source Files</Filter>
    </ClCompile>
    <ClCompile Include="sector.cpp">
      <Filter>Source Files</Filter>
    </ClCompile>
    <ClCompile Include="alglib3.9.0\src\solvers.cpp">
      <Filter>Source Files</Filter>
    </ClCompile>
    <ClCompile Include="alglib3.9.0\src\specialfunctions.cpp">
      <Filter>Source Files</Filter>
    </ClCompile>
    <ClCompile Include="alglib3.9.0\src\statistics.cpp">
      <Filter>Source Files</Filter>
    </ClCompile>
    <ClCompile Include="Debug\moc_form.cpp">
      <Filter>Generated Files\Debug</Filter>
    </ClCompile>
    <ClCompile Include="Release\moc_form.cpp">
      <Filter>Generated Files\Release</Filter>
    </ClCompile>
    <ClCompile Include="Debug\moc_mainwindow.cpp">
      <Filter>Generated Files\Debug</Filter>
    </ClCompile>
    <ClCompile Include="Release\moc_mainwindow.cpp">
      <Filter>Generated Files\Release</Filter>
    </ClCompile>
    <ClCompile Include="Debug\moc_qcustomplot.cpp">
      <Filter>Generated Files\Debug</Filter>
    </ClCompile>
    <ClCompile Include="Release\moc_qcustomplot.cpp">
      <Filter>Generated Files\Release</Filter>
    </ClCompile>
    <ClCompile Include="entropy.cpp">
      <Filter>Source Files</Filter>
    </ClCompile>
  </ItemGroup>
  <ItemGroup>
    <ClInclude Include="Banking.h">
      <Filter>Header Files</Filter>
    </ClInclude>
    <ClInclude Include="alglib3.9.0\src\alglibinternal.h">
      <Filter>Header Files</Filter>
    </ClInclude>
    <ClInclude Include="alglib3.9.0\src\alglibmisc.h">
      <Filter>Header Files</Filter>
    </ClInclude>
    <ClInclude Include="alglib3.9.0\src\ap.h">
      <Filter>Header Files</Filter>
    </ClInclude>
    <ClInclude Include="area.h">
      <Filter>Header Files</Filter>
    </ClInclude>
    <ClInclude Include="circle.h">
      <Filter>Header Files</Filter>
    </ClInclude>
    <ClInclude Include="circlearea.h">
      <Filter>Header Files</Filter>
    </ClInclude>
    <ClInclude Include="computemin.h">
      <Filter>Header Files</Filter>
    </ClInclude>
    <ClInclude Include="alglib3.9.0\src\dataanalysis.h">
      <Filter>Header Files</Filter>
    </ClInclude>
    <ClInclude Include="alglib3.9.0\src\diffequations.h">
      <Filter>Header Files</Filter>
    </ClInclude>
    <ClInclude Include="alglib3.9.0\src\fasttransforms.h">
      <Filter>Header Files</Filter>
    </ClInclude>
    <CustomBuild Include="form.h">
      <Filter>Header Files</Filter>
    </CustomBuild>
    <ClInclude Include="alglib3.9.0\src\integration.h">
      <Filter>Header Files</Filter>
    </ClInclude>
    <ClInclude Include="alglib3.9.0\src\interpolation.h">
      <Filter>Header Files</Filter>
    </ClInclude>
    <ClInclude Include="alglib3.9.0\src\linalg.h">
      <Filter>Header Files</Filter>
    </ClInclude>
    <ClInclude Include="line.h">
      <Filter>Header Files</Filter>
    </ClInclude>
    <ClInclude Include="linearea.h">
      <Filter>Header Files</Filter>
    </ClInclude>
    <CustomBuild Include="mainwindow.h">
      <Filter>Header Files</Filter>
    </CustomBuild>
    <ClInclude Include="nlopt.h">
      <Filter>Header Files</Filter>
    </ClInclude>
    <ClInclude Include="alglib3.9.0\src\optimization.h">
      <Filter>Header Files</Filter>
    </ClInclude>
    <CustomBuild Include="qcustomplot.h">
      <Filter>Header Files</Filter>
    </CustomBuild>
    <ClInclude Include="sector.h">
      <Filter>Header Files</Filter>
    </ClInclude>
    <ClInclude Include="alglib3.9.0\src\solvers.h">
      <Filter>Header Files</Filter>
    </ClInclude>
    <ClInclude Include="alglib3.9.0\src\specialfunctions.h">
      <Filter>Header Files</Filter>
    </ClInclude>
    <ClInclude Include="alglib3.9.0\src\statistics.h">
      <Filter>Header Files</Filter>
    </ClInclude>
    <ClInclude Include="alglib3.9.0\src\stdafx.h">
      <Filter>Header Files</Filter>
    </ClInclude>
    <ClInclude Include="GeneratedFiles\ui_form.h">
      <Filter>Generated Files</Filter>
    </ClInclude>
    <ClInclude Include="GeneratedFiles\ui_mainwindow.h">
      <Filter>Generated Files</Filter>
    </ClInclude>
    <ClInclude Include="entropy.h">
      <Filter>Header Files</Filter>
    </ClInclude>
  </ItemGroup>
  <ItemGroup>
    <CustomBuild Include="form.ui">
      <Filter>Form Files</Filter>
    </CustomBuild>
    <CustomBuild Include="mainwindow.ui">
      <Filter>Form Files</Filter>
    </CustomBuild>
  </ItemGroup>
</Project>